// !$*UTF8*$!
{
	archiveVersion = 1;
	classes = {
	};
	objectVersion = 55;
	objects = {

/* Begin PBXBuildFile section */
		17A4547F288B3C54007A3A0A /* AppDelegate.swift in Sources */ = {isa = PBXBuildFile; fileRef = 17A4547E288B3C54007A3A0A /* AppDelegate.swift */; };
		17A45481288B3C54007A3A0A /* SceneDelegate.swift in Sources */ = {isa = PBXBuildFile; fileRef = 17A45480288B3C54007A3A0A /* SceneDelegate.swift */; };
		17A45483288B3C54007A3A0A /* ViewController.swift in Sources */ = {isa = PBXBuildFile; fileRef = 17A45482288B3C54007A3A0A /* ViewController.swift */; };
		17A45486288B3C54007A3A0A /* Main.storyboard in Resources */ = {isa = PBXBuildFile; fileRef = 17A45484288B3C54007A3A0A /* Main.storyboard */; };
		17A45489288B3C54007A3A0A /* MyNotinhas.xcdatamodeld in Sources */ = {isa = PBXBuildFile; fileRef = 17A45487288B3C54007A3A0A /* MyNotinhas.xcdatamodeld */; };
		17A4548B288B3C56007A3A0A /* Assets.xcassets in Resources */ = {isa = PBXBuildFile; fileRef = 17A4548A288B3C56007A3A0A /* Assets.xcassets */; };
		17A4548E288B3C56007A3A0A /* LaunchScreen.storyboard in Resources */ = {isa = PBXBuildFile; fileRef = 17A4548C288B3C56007A3A0A /* LaunchScreen.storyboard */; };
		17A45499288B3C56007A3A0A /* MyNotinhasTests.swift in Sources */ = {isa = PBXBuildFile; fileRef = 17A45498288B3C56007A3A0A /* MyNotinhasTests.swift */; };
		17A454A3288B3C56007A3A0A /* MyNotinhasUITests.swift in Sources */ = {isa = PBXBuildFile; fileRef = 17A454A2288B3C56007A3A0A /* MyNotinhasUITests.swift */; };
		17A454A5288B3C56007A3A0A /* MyNotinhasUITestsLaunchTests.swift in Sources */ = {isa = PBXBuildFile; fileRef = 17A454A4288B3C56007A3A0A /* MyNotinhasUITestsLaunchTests.swift */; };
/* End PBXBuildFile section */

/* Begin PBXContainerItemProxy section */
		17A45495288B3C56007A3A0A /* PBXContainerItemProxy */ = {
			isa = PBXContainerItemProxy;
			containerPortal = 17A45473288B3C54007A3A0A /* Project object */;
			proxyType = 1;
			remoteGlobalIDString = 17A4547A288B3C54007A3A0A;
			remoteInfo = MyNotinhas;
		};
		17A4549F288B3C56007A3A0A /* PBXContainerItemProxy */ = {
			isa = PBXContainerItemProxy;
			containerPortal = 17A45473288B3C54007A3A0A /* Project object */;
			proxyType = 1;
			remoteGlobalIDString = 17A4547A288B3C54007A3A0A;
			remoteInfo = MyNotinhas;
		};
/* End PBXContainerItemProxy section */

/* Begin PBXFileReference section */
		17A4547B288B3C54007A3A0A /* MyNotinhas.app */ = {isa = PBXFileReference; explicitFileType = wrapper.application; includeInIndex = 0; path = MyNotinhas.app; sourceTree = BUILT_PRODUCTS_DIR; };
		17A4547E288B3C54007A3A0A /* AppDelegate.swift */ = {isa = PBXFileReference; lastKnownFileType = sourcecode.swift; path = AppDelegate.swift; sourceTree = "<group>"; };
		17A45480288B3C54007A3A0A /* SceneDelegate.swift */ = {isa = PBXFileReference; lastKnownFileType = sourcecode.swift; path = SceneDelegate.swift; sourceTree = "<group>"; };
		17A45482288B3C54007A3A0A /* ViewController.swift */ = {isa = PBXFileReference; lastKnownFileType = sourcecode.swift; path = ViewController.swift; sourceTree = "<group>"; };
		17A45485288B3C54007A3A0A /* Base */ = {isa = PBXFileReference; lastKnownFileType = file.storyboard; name = Base; path = Base.lproj/Main.storyboard; sourceTree = "<group>"; };
		17A45488288B3C54007A3A0A /* MyNotinhas.xcdatamodel */ = {isa = PBXFileReference; lastKnownFileType = wrapper.xcdatamodel; path = MyNotinhas.xcdatamodel; sourceTree = "<group>"; };
		17A4548A288B3C56007A3A0A /* Assets.xcassets */ = {isa = PBXFileReference; lastKnownFileType = folder.assetcatalog; path = Assets.xcassets; sourceTree = "<group>"; };
		17A4548D288B3C56007A3A0A /* Base */ = {isa = PBXFileReference; lastKnownFileType = file.storyboard; name = Base; path = Base.lproj/LaunchScreen.storyboard; sourceTree = "<group>"; };
		17A4548F288B3C56007A3A0A /* Info.plist */ = {isa = PBXFileReference; lastKnownFileType = text.plist.xml; path = Info.plist; sourceTree = "<group>"; };
		17A45494288B3C56007A3A0A /* MyNotinhasTests.xctest */ = {isa = PBXFileReference; explicitFileType = wrapper.cfbundle; includeInIndex = 0; path = MyNotinhasTests.xctest; sourceTree = BUILT_PRODUCTS_DIR; };
		17A45498288B3C56007A3A0A /* MyNotinhasTests.swift */ = {isa = PBXFileReference; lastKnownFileType = sourcecode.swift; path = MyNotinhasTests.swift; sourceTree = "<group>"; };
		17A4549E288B3C56007A3A0A /* MyNotinhasUITests.xctest */ = {isa = PBXFileReference; explicitFileType = wrapper.cfbundle; includeInIndex = 0; path = MyNotinhasUITests.xctest; sourceTree = BUILT_PRODUCTS_DIR; };
		17A454A2288B3C56007A3A0A /* MyNotinhasUITests.swift */ = {isa = PBXFileReference; lastKnownFileType = sourcecode.swift; path = MyNotinhasUITests.swift; sourceTree = "<group>"; };
		17A454A4288B3C56007A3A0A /* MyNotinhasUITestsLaunchTests.swift */ = {isa = PBXFileReference; lastKnownFileType = sourcecode.swift; path = MyNotinhasUITestsLaunchTests.swift; sourceTree = "<group>"; };
/* End PBXFileReference section */

/* Begin PBXFrameworksBuildPhase section */
		17A45478288B3C54007A3A0A /* Frameworks */ = {
			isa = PBXFrameworksBuildPhase;
			buildActionMask = 2147483647;
			files = (
			);
			runOnlyForDeploymentPostprocessing = 0;
		};
		17A45491288B3C56007A3A0A /* Frameworks */ = {
			isa = PBXFrameworksBuildPhase;
			buildActionMask = 2147483647;
			files = (
			);
			runOnlyForDeploymentPostprocessing = 0;
		};
		17A4549B288B3C56007A3A0A /* Frameworks */ = {
			isa = PBXFrameworksBuildPhase;
			buildActionMask = 2147483647;
			files = (
			);
			runOnlyForDeploymentPostprocessing = 0;
		};
/* End PBXFrameworksBuildPhase section */

/* Begin PBXGroup section */
		17A45472288B3C54007A3A0A = {
			isa = PBXGroup;
			children = (
				17A4547D288B3C54007A3A0A /* MyNotinhas */,
				17A45497288B3C56007A3A0A /* MyNotinhasTests */,
				17A454A1288B3C56007A3A0A /* MyNotinhasUITests */,
				17A4547C288B3C54007A3A0A /* Products */,
			);
			sourceTree = "<group>";
		};
		17A4547C288B3C54007A3A0A /* Products */ = {
			isa = PBXGroup;
			children = (
				17A4547B288B3C54007A3A0A /* MyNotinhas.app */,
				17A45494288B3C56007A3A0A /* MyNotinhasTests.xctest */,
				17A4549E288B3C56007A3A0A /* MyNotinhasUITests.xctest */,
			);
			name = Products;
			sourceTree = "<group>";
		};
		17A4547D288B3C54007A3A0A /* MyNotinhas */ = {
			isa = PBXGroup;
			children = (
				17A4547E288B3C54007A3A0A /* AppDelegate.swift */,
				17A45480288B3C54007A3A0A /* SceneDelegate.swift */,
				17A45482288B3C54007A3A0A /* ViewController.swift */,
				17A45484288B3C54007A3A0A /* Main.storyboard */,
				17A4548A288B3C56007A3A0A /* Assets.xcassets */,
				17A4548C288B3C56007A3A0A /* LaunchScreen.storyboard */,
				17A4548F288B3C56007A3A0A /* Info.plist */,
				17A45487288B3C54007A3A0A /* MyNotinhas.xcdatamodeld */,
			);
			path = MyNotinhas;
			sourceTree = "<group>";
		};
		17A45497288B3C56007A3A0A /* MyNotinhasTests */ = {
			isa = PBXGroup;
			children = (
				17A45498288B3C56007A3A0A /* MyNotinhasTests.swift */,
			);
			path = MyNotinhasTests;
			sourceTree = "<group>";
		};
		17A454A1288B3C56007A3A0A /* MyNotinhasUITests */ = {
			isa = PBXGroup;
			children = (
				17A454A2288B3C56007A3A0A /* MyNotinhasUITests.swift */,
				17A454A4288B3C56007A3A0A /* MyNotinhasUITestsLaunchTests.swift */,
			);
			path = MyNotinhasUITests;
			sourceTree = "<group>";
		};
/* End PBXGroup section */

/* Begin PBXNativeTarget section */
		17A4547A288B3C54007A3A0A /* MyNotinhas */ = {
			isa = PBXNativeTarget;
			buildConfigurationList = 17A454A8288B3C56007A3A0A /* Build configuration list for PBXNativeTarget "MyNotinhas" */;
			buildPhases = (
				17A45477288B3C54007A3A0A /* Sources */,
				17A45478288B3C54007A3A0A /* Frameworks */,
				17A45479288B3C54007A3A0A /* Resources */,
			);
			buildRules = (
			);
			dependencies = (
			);
			name = MyNotinhas;
			productName = MyNotinhas;
			productReference = 17A4547B288B3C54007A3A0A /* MyNotinhas.app */;
			productType = "com.apple.product-type.application";
		};
		17A45493288B3C56007A3A0A /* MyNotinhasTests */ = {
			isa = PBXNativeTarget;
			buildConfigurationList = 17A454AB288B3C56007A3A0A /* Build configuration list for PBXNativeTarget "MyNotinhasTests" */;
			buildPhases = (
				17A45490288B3C56007A3A0A /* Sources */,
				17A45491288B3C56007A3A0A /* Frameworks */,
				17A45492288B3C56007A3A0A /* Resources */,
			);
			buildRules = (
			);
			dependencies = (
				17A45496288B3C56007A3A0A /* PBXTargetDependency */,
			);
			name = MyNotinhasTests;
			productName = MyNotinhasTests;
			productReference = 17A45494288B3C56007A3A0A /* MyNotinhasTests.xctest */;
			productType = "com.apple.product-type.bundle.unit-test";
		};
		17A4549D288B3C56007A3A0A /* MyNotinhasUITests */ = {
			isa = PBXNativeTarget;
			buildConfigurationList = 17A454AE288B3C56007A3A0A /* Build configuration list for PBXNativeTarget "MyNotinhasUITests" */;
			buildPhases = (
				17A4549A288B3C56007A3A0A /* Sources */,
				17A4549B288B3C56007A3A0A /* Frameworks */,
				17A4549C288B3C56007A3A0A /* Resources */,
			);
			buildRules = (
			);
			dependencies = (
				17A454A0288B3C56007A3A0A /* PBXTargetDependency */,
			);
			name = MyNotinhasUITests;
			productName = MyNotinhasUITests;
			productReference = 17A4549E288B3C56007A3A0A /* MyNotinhasUITests.xctest */;
			productType = "com.apple.product-type.bundle.ui-testing";
		};
/* End PBXNativeTarget section */

/* Begin PBXProject section */
		17A45473288B3C54007A3A0A /* Project object */ = {
			isa = PBXProject;
			attributes = {
				BuildIndependentTargetsInParallel = 1;
				LastSwiftUpdateCheck = 1330;
				LastUpgradeCheck = 1330;
				TargetAttributes = {
					17A4547A288B3C54007A3A0A = {
						CreatedOnToolsVersion = 13.3.1;
					};
					17A45493288B3C56007A3A0A = {
						CreatedOnToolsVersion = 13.3.1;
						TestTargetID = 17A4547A288B3C54007A3A0A;
					};
					17A4549D288B3C56007A3A0A = {
						CreatedOnToolsVersion = 13.3.1;
						TestTargetID = 17A4547A288B3C54007A3A0A;
					};
				};
			};
			buildConfigurationList = 17A45476288B3C54007A3A0A /* Build configuration list for PBXProject "MyNotinhas" */;
			compatibilityVersion = "Xcode 13.0";
			developmentRegion = en;
			hasScannedForEncodings = 0;
			knownRegions = (
				en,
				Base,
			);
			mainGroup = 17A45472288B3C54007A3A0A;
			productRefGroup = 17A4547C288B3C54007A3A0A /* Products */;
			projectDirPath = "";
			projectRoot = "";
			targets = (
				17A4547A288B3C54007A3A0A /* MyNotinhas */,
				17A45493288B3C56007A3A0A /* MyNotinhasTests */,
				17A4549D288B3C56007A3A0A /* MyNotinhasUITests */,
			);
		};
/* End PBXProject section */

/* Begin PBXResourcesBuildPhase section */
		17A45479288B3C54007A3A0A /* Resources */ = {
			isa = PBXResourcesBuildPhase;
			buildActionMask = 2147483647;
			files = (
				17A4548E288B3C56007A3A0A /* LaunchScreen.storyboard in Resources */,
				17A4548B288B3C56007A3A0A /* Assets.xcassets in Resources */,
				17A45486288B3C54007A3A0A /* Main.storyboard in Resources */,
			);
			runOnlyForDeploymentPostprocessing = 0;
		};
		17A45492288B3C56007A3A0A /* Resources */ = {
			isa = PBXResourcesBuildPhase;
			buildActionMask = 2147483647;
			files = (
			);
			runOnlyForDeploymentPostprocessing = 0;
		};
		17A4549C288B3C56007A3A0A /* Resources */ = {
			isa = PBXResourcesBuildPhase;
			buildActionMask = 2147483647;
			files = (
			);
			runOnlyForDeploymentPostprocessing = 0;
		};
/* End PBXResourcesBuildPhase section */

/* Begin PBXSourcesBuildPhase section */
		17A45477288B3C54007A3A0A /* Sources */ = {
			isa = PBXSourcesBuildPhase;
			buildActionMask = 2147483647;
			files = (
				17A45483288B3C54007A3A0A /* ViewController.swift in Sources */,
				17A45489288B3C54007A3A0A /* MyNotinhas.xcdatamodeld in Sources */,
				17A4547F288B3C54007A3A0A /* AppDelegate.swift in Sources */,
				17A45481288B3C54007A3A0A /* SceneDelegate.swift in Sources */,
			);
			runOnlyForDeploymentPostprocessing = 0;
		};
		17A45490288B3C56007A3A0A /* Sources */ = {
			isa = PBXSourcesBuildPhase;
			buildActionMask = 2147483647;
			files = (
				17A45499288B3C56007A3A0A /* MyNotinhasTests.swift in Sources */,
			);
			runOnlyForDeploymentPostprocessing = 0;
		};
		17A4549A288B3C56007A3A0A /* Sources */ = {
			isa = PBXSourcesBuildPhase;
			buildActionMask = 2147483647;
			files = (
				17A454A5288B3C56007A3A0A /* MyNotinhasUITestsLaunchTests.swift in Sources */,
				17A454A3288B3C56007A3A0A /* MyNotinhasUITests.swift in Sources */,
			);
			runOnlyForDeploymentPostprocessing = 0;
		};
/* End PBXSourcesBuildPhase section */

/* Begin PBXTargetDependency section */
		17A45496288B3C56007A3A0A /* PBXTargetDependency */ = {
			isa = PBXTargetDependency;
			target = 17A4547A288B3C54007A3A0A /* MyNotinhas */;
			targetProxy = 17A45495288B3C56007A3A0A /* PBXContainerItemProxy */;
		};
		17A454A0288B3C56007A3A0A /* PBXTargetDependency */ = {
			isa = PBXTargetDependency;
			target = 17A4547A288B3C54007A3A0A /* MyNotinhas */;
			targetProxy = 17A4549F288B3C56007A3A0A /* PBXContainerItemProxy */;
		};
/* End PBXTargetDependency section */

/* Begin PBXVariantGroup section */
		17A45484288B3C54007A3A0A /* Main.storyboard */ = {
			isa = PBXVariantGroup;
			children = (
				17A45485288B3C54007A3A0A /* Base */,
			);
			name = Main.storyboard;
			sourceTree = "<group>";
		};
		17A4548C288B3C56007A3A0A /* LaunchScreen.storyboard */ = {
			isa = PBXVariantGroup;
			children = (
				17A4548D288B3C56007A3A0A /* Base */,
			);
			name = LaunchScreen.storyboard;
			sourceTree = "<group>";
		};
/* End PBXVariantGroup section */

/* Begin XCBuildConfiguration section */
		17A454A6288B3C56007A3A0A /* Debug */ = {
			isa = XCBuildConfiguration;
			buildSettings = {
				ALWAYS_SEARCH_USER_PATHS = NO;
				CLANG_ANALYZER_NONNULL = YES;
				CLANG_ANALYZER_NUMBER_OBJECT_CONVERSION = YES_AGGRESSIVE;
				CLANG_CXX_LANGUAGE_STANDARD = "gnu++17";
				CLANG_ENABLE_MODULES = YES;
				CLANG_ENABLE_OBJC_ARC = YES;
				CLANG_ENABLE_OBJC_WEAK = YES;
				CLANG_WARN_BLOCK_CAPTURE_AUTORELEASING = YES;
				CLANG_WARN_BOOL_CONVERSION = YES;
				CLANG_WARN_COMMA = YES;
				CLANG_WARN_CONSTANT_CONVERSION = YES;
				CLANG_WARN_DEPRECATED_OBJC_IMPLEMENTATIONS = YES;
				CLANG_WARN_DIRECT_OBJC_ISA_USAGE = YES_ERROR;
				CLANG_WARN_DOCUMENTATION_COMMENTS = YES;
				CLANG_WARN_EMPTY_BODY = YES;
				CLANG_WARN_ENUM_CONVERSION = YES;
				CLANG_WARN_INFINITE_RECURSION = YES;
				CLANG_WARN_INT_CONVERSION = YES;
				CLANG_WARN_NON_LITERAL_NULL_CONVERSION = YES;
				CLANG_WARN_OBJC_IMPLICIT_RETAIN_SELF = YES;
				CLANG_WARN_OBJC_LITERAL_CONVERSION = YES;
				CLANG_WARN_OBJC_ROOT_CLASS = YES_ERROR;
				CLANG_WARN_QUOTED_INCLUDE_IN_FRAMEWORK_HEADER = YES;
				CLANG_WARN_RANGE_LOOP_ANALYSIS = YES;
				CLANG_WARN_STRICT_PROTOTYPES = YES;
				CLANG_WARN_SUSPICIOUS_MOVE = YES;
				CLANG_WARN_UNGUARDED_AVAILABILITY = YES_AGGRESSIVE;
				CLANG_WARN_UNREACHABLE_CODE = YES;
				CLANG_WARN__DUPLICATE_METHOD_MATCH = YES;
				COPY_PHASE_STRIP = NO;
				DEBUG_INFORMATION_FORMAT = dwarf;
				ENABLE_STRICT_OBJC_MSGSEND = YES;
				ENABLE_TESTABILITY = YES;
				GCC_C_LANGUAGE_STANDARD = gnu11;
				GCC_DYNAMIC_NO_PIC = NO;
				GCC_NO_COMMON_BLOCKS = YES;
				GCC_OPTIMIZATION_LEVEL = 0;
				GCC_PREPROCESSOR_DEFINITIONS = (
					"DEBUG=1",
					"$(inherited)",
				);
				GCC_WARN_64_TO_32_BIT_CONVERSION = YES;
				GCC_WARN_ABOUT_RETURN_TYPE = YES_ERROR;
				GCC_WARN_UNDECLARED_SELECTOR = YES;
				GCC_WARN_UNINITIALIZED_AUTOS = YES_AGGRESSIVE;
				GCC_WARN_UNUSED_FUNCTION = YES;
				GCC_WARN_UNUSED_VARIABLE = YES;
				IPHONEOS_DEPLOYMENT_TARGET = 15.4;
				MTL_ENABLE_DEBUG_INFO = INCLUDE_SOURCE;
				MTL_FAST_MATH = YES;
				ONLY_ACTIVE_ARCH = YES;
				SDKROOT = iphoneos;
				SWIFT_ACTIVE_COMPILATION_CONDITIONS = DEBUG;
				SWIFT_OPTIMIZATION_LEVEL = "-Onone";
			};
			name = Debug;
		};
		17A454A7288B3C56007A3A0A /* Release */ = {
			isa = XCBuildConfiguration;
			buildSettings = {
				ALWAYS_SEARCH_USER_PATHS = NO;
				CLANG_ANALYZER_NONNULL = YES;
				CLANG_ANALYZER_NUMBER_OBJECT_CONVERSION = YES_AGGRESSIVE;
				CLANG_CXX_LANGUAGE_STANDARD = "gnu++17";
				CLANG_ENABLE_MODULES = YES;
				CLANG_ENABLE_OBJC_ARC = YES;
				CLANG_ENABLE_OBJC_WEAK = YES;
				CLANG_WARN_BLOCK_CAPTURE_AUTORELEASING = YES;
				CLANG_WARN_BOOL_CONVERSION = YES;
				CLANG_WARN_COMMA = YES;
				CLANG_WARN_CONSTANT_CONVERSION = YES;
				CLANG_WARN_DEPRECATED_OBJC_IMPLEMENTATIONS = YES;
				CLANG_WARN_DIRECT_OBJC_ISA_USAGE = YES_ERROR;
				CLANG_WARN_DOCUMENTATION_COMMENTS = YES;
				CLANG_WARN_EMPTY_BODY = YES;
				CLANG_WARN_ENUM_CONVERSION = YES;
				CLANG_WARN_INFINITE_RECURSION = YES;
				CLANG_WARN_INT_CONVERSION = YES;
				CLANG_WARN_NON_LITERAL_NULL_CONVERSION = YES;
				CLANG_WARN_OBJC_IMPLICIT_RETAIN_SELF = YES;
				CLANG_WARN_OBJC_LITERAL_CONVERSION = YES;
				CLANG_WARN_OBJC_ROOT_CLASS = YES_ERROR;
				CLANG_WARN_QUOTED_INCLUDE_IN_FRAMEWORK_HEADER = YES;
				CLANG_WARN_RANGE_LOOP_ANALYSIS = YES;
				CLANG_WARN_STRICT_PROTOTYPES = YES;
				CLANG_WARN_SUSPICIOUS_MOVE = YES;
				CLANG_WARN_UNGUARDED_AVAILABILITY = YES_AGGRESSIVE;
				CLANG_WARN_UNREACHABLE_CODE = YES;
				CLANG_WARN__DUPLICATE_METHOD_MATCH = YES;
				COPY_PHASE_STRIP = NO;
				DEBUG_INFORMATION_FORMAT = "dwarf-with-dsym";
				ENABLE_NS_ASSERTIONS = NO;
				ENABLE_STRICT_OBJC_MSGSEND = YES;
				GCC_C_LANGUAGE_STANDARD = gnu11;
				GCC_NO_COMMON_BLOCKS = YES;
				GCC_WARN_64_TO_32_BIT_CONVERSION = YES;
				GCC_WARN_ABOUT_RETURN_TYPE = YES_ERROR;
				GCC_WARN_UNDECLARED_SELECTOR = YES;
				GCC_WARN_UNINITIALIZED_AUTOS = YES_AGGRESSIVE;
				GCC_WARN_UNUSED_FUNCTION = YES;
				GCC_WARN_UNUSED_VARIABLE = YES;
				IPHONEOS_DEPLOYMENT_TARGET = 15.4;
				MTL_ENABLE_DEBUG_INFO = NO;
				MTL_FAST_MATH = YES;
				SDKROOT = iphoneos;
				SWIFT_COMPILATION_MODE = wholemodule;
				SWIFT_OPTIMIZATION_LEVEL = "-O";
				VALIDATE_PRODUCT = YES;
			};
			name = Release;
		};
		17A454A9288B3C56007A3A0A /* Debug */ = {
			isa = XCBuildConfiguration;
			buildSettings = {
				ASSETCATALOG_COMPILER_APPICON_NAME = AppIcon;
				ASSETCATALOG_COMPILER_GLOBAL_ACCENT_COLOR_NAME = AccentColor;
				CODE_SIGN_STYLE = Automatic;
				CURRENT_PROJECT_VERSION = 1;
				DEVELOPMENT_TEAM = HPQ38SJ3W9;
				GENERATE_INFOPLIST_FILE = YES;
				INFOPLIST_FILE = MyNotinhas/Info.plist;
				INFOPLIST_KEY_UIApplicationSupportsIndirectInputEvents = YES;
				INFOPLIST_KEY_UILaunchStoryboardName = LaunchScreen;
				INFOPLIST_KEY_UIMainStoryboardFile = Main;
				INFOPLIST_KEY_UISupportedInterfaceOrientations_iPad = "UIInterfaceOrientationPortrait UIInterfaceOrientationPortraitUpsideDown UIInterfaceOrientationLandscapeLeft UIInterfaceOrientationLandscapeRight";
				INFOPLIST_KEY_UISupportedInterfaceOrientations_iPhone = "UIInterfaceOrientationPortrait UIInterfaceOrientationLandscapeLeft UIInterfaceOrientationLandscapeRight";
				LD_RUNPATH_SEARCH_PATHS = (
					"$(inherited)",
					"@executable_path/Frameworks",
				);
				MARKETING_VERSION = 1.0;
				PRODUCT_BUNDLE_IDENTIFIER = br.dev.ortiz.MyNotinhas;
				PRODUCT_NAME = "$(TARGET_NAME)";
				SWIFT_EMIT_LOC_STRINGS = YES;
				SWIFT_VERSION = 5.0;
				TARGETED_DEVICE_FAMILY = "1,2";
			};
			name = Debug;
		};
		17A454AA288B3C56007A3A0A /* Release */ = {
			isa = XCBuildConfiguration;
			buildSettings = {
				ASSETCATALOG_COMPILER_APPICON_NAME = AppIcon;
				ASSETCATALOG_COMPILER_GLOBAL_ACCENT_COLOR_NAME = AccentColor;
				CODE_SIGN_STYLE = Automatic;
				CURRENT_PROJECT_VERSION = 1;
				DEVELOPMENT_TEAM = HPQ38SJ3W9;
				GENERATE_INFOPLIST_FILE = YES;
				INFOPLIST_FILE = MyNotinhas/Info.plist;
				INFOPLIST_KEY_UIApplicationSupportsIndirectInputEvents = YES;
				INFOPLIST_KEY_UILaunchStoryboardName = LaunchScreen;
				INFOPLIST_KEY_UIMainStoryboardFile = Main;
				INFOPLIST_KEY_UISupportedInterfaceOrientations_iPad = "UIInterfaceOrientationPortrait UIInterfaceOrientationPortraitUpsideDown UIInterfaceOrientationLandscapeLeft UIInterfaceOrientationLandscapeRight";
				INFOPLIST_KEY_UISupportedInterfaceOrientations_iPhone = "UIInterfaceOrientationPortrait UIInterfaceOrientationLandscapeLeft UIInterfaceOrientationLandscapeRight";
				LD_RUNPATH_SEARCH_PATHS = (
					"$(inherited)",
					"@executable_path/Frameworks",
				);
				MARKETING_VERSION = 1.0;
				PRODUCT_BUNDLE_IDENTIFIER = br.dev.ortiz.MyNotinhas;
				PRODUCT_NAME = "$(TARGET_NAME)";
				SWIFT_EMIT_LOC_STRINGS = YES;
				SWIFT_VERSION = 5.0;
				TARGETED_DEVICE_FAMILY = "1,2";
			};
			name = Release;
		};
		17A454AC288B3C56007A3A0A /* Debug */ = {
			isa = XCBuildConfiguration;
			buildSettings = {
				ALWAYS_EMBED_SWIFT_STANDARD_LIBRARIES = YES;
				BUNDLE_LOADER = "$(TEST_HOST)";
				CODE_SIGN_STYLE = Automatic;
				CURRENT_PROJECT_VERSION = 1;
				DEVELOPMENT_TEAM = HPQ38SJ3W9;
				GENERATE_INFOPLIST_FILE = YES;
				IPHONEOS_DEPLOYMENT_TARGET = 15.4;
				MARKETING_VERSION = 1.0;
				PRODUCT_BUNDLE_IDENTIFIER = br.dev.ortiz.MyNotinhasTests;
				PRODUCT_NAME = "$(TARGET_NAME)";
				SWIFT_EMIT_LOC_STRINGS = NO;
				SWIFT_VERSION = 5.0;
				TARGETED_DEVICE_FAMILY = "1,2";
				TEST_HOST = "$(BUILT_PRODUCTS_DIR)/MyNotinhas.app/MyNotinhas";
			};
			name = Debug;
		};
		17A454AD288B3C56007A3A0A /* Release */ = {
			isa = XCBuildConfiguration;
			buildSettings = {
				ALWAYS_EMBED_SWIFT_STANDARD_LIBRARIES = YES;
				BUNDLE_LOADER = "$(TEST_HOST)";
				CODE_SIGN_STYLE = Automatic;
				CURRENT_PROJECT_VERSION = 1;
				DEVELOPMENT_TEAM = HPQ38SJ3W9;
				GENERATE_INFOPLIST_FILE = YES;
				IPHONEOS_DEPLOYMENT_TARGET = 15.4;
				MARKETING_VERSION = 1.0;
				PRODUCT_BUNDLE_IDENTIFIER = br.dev.ortiz.MyNotinhasTests;
				PRODUCT_NAME = "$(TARGET_NAME)";
				SWIFT_EMIT_LOC_STRINGS = NO;
				SWIFT_VERSION = 5.0;
				TARGETED_DEVICE_FAMILY = "1,2";
				TEST_HOST = "$(BUILT_PRODUCTS_DIR)/MyNotinhas.app/MyNotinhas";
			};
			name = Release;
		};
		17A454AF288B3C56007A3A0A /* Debug */ = {
			isa = XCBuildConfiguration;
			buildSettings = {
				ALWAYS_EMBED_SWIFT_STANDARD_LIBRARIES = YES;
				CODE_SIGN_STYLE = Automatic;
				CURRENT_PROJECT_VERSION = 1;
				DEVELOPMENT_TEAM = HPQ38SJ3W9;
				GENERATE_INFOPLIST_FILE = YES;
				MARKETING_VERSION = 1.0;
				PRODUCT_BUNDLE_IDENTIFIER = br.dev.ortiz.MyNotinhasUITests;
				PRODUCT_NAME = "$(TARGET_NAME)";
				SWIFT_EMIT_LOC_STRINGS = NO;
				SWIFT_VERSION = 5.0;
				TARGETED_DEVICE_FAMILY = "1,2";
				TEST_TARGET_NAME = MyNotinhas;
			};
			name = Debug;
		};
		17A454B0288B3C56007A3A0A /* Release */ = {
			isa = XCBuildConfiguration;
			buildSettings = {
				ALWAYS_EMBED_SWIFT_STANDARD_LIBRARIES = YES;
				CODE_SIGN_STYLE = Automatic;
				CURRENT_PROJECT_VERSION = 1;
				DEVELOPMENT_TEAM = HPQ38SJ3W9;
				GENERATE_INFOPLIST_FILE = YES;
				MARKETING_VERSION = 1.0;
				PRODUCT_BUNDLE_IDENTIFIER = br.dev.ortiz.MyNotinhasUITests;
				PRODUCT_NAME = "$(TARGET_NAME)";
				SWIFT_EMIT_LOC_STRINGS = NO;
				SWIFT_VERSION = 5.0;
				TARGETED_DEVICE_FAMILY = "1,2";
				TEST_TARGET_NAME = MyNotinhas;
			};
			name = Release;
		};
/* End XCBuildConfiguration section */

/* Begin XCConfigurationList section */
		17A45476288B3C54007A3A0A /* Build configuration list for PBXProject "MyNotinhas" */ = {
			isa = XCConfigurationList;
			buildConfigurations = (
				17A454A6288B3C56007A3A0A /* Debug */,
				17A454A7288B3C56007A3A0A /* Release */,
			);
			defaultConfigurationIsVisible = 0;
			defaultConfigurationName = Release;
		};
		17A454A8288B3C56007A3A0A /* Build configuration list for PBXNativeTarget "MyNotinhas" */ = {
			isa = XCConfigurationList;
			buildConfigurations = (
				17A454A9288B3C56007A3A0A /* Debug */,
				17A454AA288B3C56007A3A0A /* Release */,
			);
			defaultConfigurationIsVisible = 0;
			defaultConfigurationName = Release;
		};
		17A454AB288B3C56007A3A0A /* Build configuration list for PBXNativeTarget "MyNotinhasTests" */ = {
			isa = XCConfigurationList;
			buildConfigurations = (
				17A454AC288B3C56007A3A0A /* Debug */,
				17A454AD288B3C56007A3A0A /* Release */,
			);
			defaultConfigurationIsVisible = 0;
			defaultConfigurationName = Release;
		};
		17A454AE288B3C56007A3A0A /* Build configuration list for PBXNativeTarget "MyNotinhasUITests" */ = {
			isa = XCConfigurationList;
			buildConfigurations = (
				17A454AF288B3C56007A3A0A /* Debug */,
				17A454B0288B3C56007A3A0A /* Release */,
			);
			defaultConfigurationIsVisible = 0;
			defaultConfigurationName = Release;
		};
/* End XCConfigurationList section */

/* Begin XCVersionGroup section */
		17A45487288B3C54007A3A0A /* MyNotinhas.xcdatamodeld */ = {
			isa = XCVersionGroup;
			children = (
				17A45488288B3C54007A3A0A /* MyNotinhas.xcdatamodel */,
			);
			currentVersion = 17A45488288B3C54007A3A0A /* MyNotinhas.xcdatamodel */;
			path = MyNotinhas.xcdatamodeld;
			sourceTree = "<group>";
			versionGroupType = wrapper.xcdatamodel;
		};
/* End XCVersionGroup section */
	};
	rootObject = 17A45473288B3C54007A3A0A /* Project object */;
}
